// !$*UTF8*$!
{
	archiveVersion = 1;
	classes = {
	};
	objectVersion = 77;
	objects = {

/* Begin PBXContainerItemProxy section */
		46A76BD62CECCC56005F1D56 /* PBXContainerItemProxy */ = {
			isa = PBXContainerItemProxy;
			containerPortal = 46A76BB42CECCC53005F1D56 /* Project object */;
			proxyType = 1;
			remoteGlobalIDString = 46A76BBB2CECCC53005F1D56;
			remoteInfo = DataUtil;
		};
		46A76BE02CECCC56005F1D56 /* PBXContainerItemProxy */ = {
			isa = PBXContainerItemProxy;
			containerPortal = 46A76BB42CECCC53005F1D56 /* Project object */;
			proxyType = 1;
			remoteGlobalIDString = 46A76BBB2CECCC53005F1D56;
			remoteInfo = DataUtil;
		};
/* End PBXContainerItemProxy section */

/* Begin PBXFileReference section */
		46A76BBC2CECCC53005F1D56 /* DataUtil.app */ = {isa = PBXFileReference; explicitFileType = wrapper.application; includeInIndex = 0; path = DataUtil.app; sourceTree = BUILT_PRODUCTS_DIR; };
		46A76BD52CECCC56005F1D56 /* DataUtilTests.xctest */ = {isa = PBXFileReference; explicitFileType = wrapper.cfbundle; includeInIndex = 0; path = DataUtilTests.xctest; sourceTree = BUILT_PRODUCTS_DIR; };
		46A76BDF2CECCC56005F1D56 /* DataUtilUITests.xctest */ = {isa = PBXFileReference; explicitFileType = wrapper.cfbundle; includeInIndex = 0; path = DataUtilUITests.xctest; sourceTree = BUILT_PRODUCTS_DIR; };
/* End PBXFileReference section */

/* Begin PBXFileSystemSynchronizedBuildFileExceptionSet section */
		46A76BE72CECCC56005F1D56 /* Exceptions for "DataUtil" folder in "DataUtil" target */ = {
			isa = PBXFileSystemSynchronizedBuildFileExceptionSet;
			membershipExceptions = (
				Info.plist,
			);
			target = 46A76BBB2CECCC53005F1D56 /* DataUtil */;
		};
/* End PBXFileSystemSynchronizedBuildFileExceptionSet section */

/* Begin PBXFileSystemSynchronizedRootGroup section */
		46A76BBE2CECCC53005F1D56 /* DataUtil */ = {
			isa = PBXFileSystemSynchronizedRootGroup;
			exceptions = (
				46A76BE72CECCC56005F1D56 /* Exceptions for "DataUtil" folder in "DataUtil" target */,
			);
			path = DataUtil;
			sourceTree = "<group>";
		};
		46A76BD82CECCC56005F1D56 /* DataUtilTests */ = {
			isa = PBXFileSystemSynchronizedRootGroup;
			path = DataUtilTests;
			sourceTree = "<group>";
		};
		46A76BE22CECCC56005F1D56 /* DataUtilUITests */ = {
			isa = PBXFileSystemSynchronizedRootGroup;
			path = DataUtilUITests;
			sourceTree = "<group>";
		};
/* End PBXFileSystemSynchronizedRootGroup section */

/* Begin PBXFrameworksBuildPhase section */
		46A76BB92CECCC53005F1D56 /* Frameworks */ = {
			isa = PBXFrameworksBuildPhase;
			buildActionMask = 2147483647;
			files = (
			);
			runOnlyForDeploymentPostprocessing = 0;
		};
		46A76BD22CECCC56005F1D56 /* Frameworks */ = {
			isa = PBXFrameworksBuildPhase;
			buildActionMask = 2147483647;
			files = (
			);
			runOnlyForDeploymentPostprocessing = 0;
		};
		46A76BDC2CECCC56005F1D56 /* Frameworks */ = {
			isa = PBXFrameworksBuildPhase;
			buildActionMask = 2147483647;
			files = (
			);
			runOnlyForDeploymentPostprocessing = 0;
		};
/* End PBXFrameworksBuildPhase section */

/* Begin PBXGroup section */
		46A76BB32CECCC53005F1D56 = {
			isa = PBXGroup;
			children = (
				46A76BBE2CECCC53005F1D56 /* DataUtil */,
				46A76BD82CECCC56005F1D56 /* DataUtilTests */,
				46A76BE22CECCC56005F1D56 /* DataUtilUITests */,
				46A76BBD2CECCC53005F1D56 /* Products */,
			);
			sourceTree = "<group>";
		};
		46A76BBD2CECCC53005F1D56 /* Products */ = {
			isa = PBXGroup;
			children = (
				46A76BBC2CECCC53005F1D56 /* DataUtil.app */,
				46A76BD52CECCC56005F1D56 /* DataUtilTests.xctest */,
				46A76BDF2CECCC56005F1D56 /* DataUtilUITests.xctest */,
			);
			name = Products;
			sourceTree = "<group>";
		};
/* End PBXGroup section */

/* Begin PBXNativeTarget section */
		46A76BBB2CECCC53005F1D56 /* DataUtil */ = {
			isa = PBXNativeTarget;
			buildConfigurationList = 46A76BE82CECCC56005F1D56 /* Build configuration list for PBXNativeTarget "DataUtil" */;
			buildPhases = (
				46A76BB82CECCC53005F1D56 /* Sources */,
				46A76BB92CECCC53005F1D56 /* Frameworks */,
				46A76BBA2CECCC53005F1D56 /* Resources */,
			);
			buildRules = (
			);
			dependencies = (
			);
			fileSystemSynchronizedGroups = (
				46A76BBE2CECCC53005F1D56 /* DataUtil */,
			);
			name = DataUtil;
			packageProductDependencies = (
			);
			productName = DataUtil;
			productReference = 46A76BBC2CECCC53005F1D56 /* DataUtil.app */;
			productType = "com.apple.product-type.application";
		};
		46A76BD42CECCC56005F1D56 /* DataUtilTests */ = {
			isa = PBXNativeTarget;
			buildConfigurationList = 46A76BED2CECCC56005F1D56 /* Build configuration list for PBXNativeTarget "DataUtilTests" */;
			buildPhases = (
				46A76BD12CECCC56005F1D56 /* Sources */,
				46A76BD22CECCC56005F1D56 /* Frameworks */,
				46A76BD32CECCC56005F1D56 /* Resources */,
			);
			buildRules = (
			);
			dependencies = (
				46A76BD72CECCC56005F1D56 /* PBXTargetDependency */,
			);
			fileSystemSynchronizedGroups = (
				46A76BD82CECCC56005F1D56 /* DataUtilTests */,
			);
			name = DataUtilTests;
			packageProductDependencies = (
			);
			productName = DataUtilTests;
			productReference = 46A76BD52CECCC56005F1D56 /* DataUtilTests.xctest */;
			productType = "com.apple.product-type.bundle.unit-test";
		};
		46A76BDE2CECCC56005F1D56 /* DataUtilUITests */ = {
			isa = PBXNativeTarget;
			buildConfigurationList = 46A76BF02CECCC56005F1D56 /* Build configuration list for PBXNativeTarget "DataUtilUITests" */;
			buildPhases = (
				46A76BDB2CECCC56005F1D56 /* Sources */,
				46A76BDC2CECCC56005F1D56 /* Frameworks */,
				46A76BDD2CECCC56005F1D56 /* Resources */,
			);
			buildRules = (
			);
			dependencies = (
				46A76BE12CECCC56005F1D56 /* PBXTargetDependency */,
			);
			fileSystemSynchronizedGroups = (
				46A76BE22CECCC56005F1D56 /* DataUtilUITests */,
			);
			name = DataUtilUITests;
			packageProductDependencies = (
			);
			productName = DataUtilUITests;
			productReference = 46A76BDF2CECCC56005F1D56 /* DataUtilUITests.xctest */;
			productType = "com.apple.product-type.bundle.ui-testing";
		};
/* End PBXNativeTarget section */

/* Begin PBXProject section */
		46A76BB42CECCC53005F1D56 /* Project object */ = {
			isa = PBXProject;
			attributes = {
				BuildIndependentTargetsInParallel = 1;
				LastSwiftUpdateCheck = 1600;
				LastUpgradeCheck = 1600;
				TargetAttributes = {
					46A76BBB2CECCC53005F1D56 = {
						CreatedOnToolsVersion = 16.0;
					};
					46A76BD42CECCC56005F1D56 = {
						CreatedOnToolsVersion = 16.0;
						TestTargetID = 46A76BBB2CECCC53005F1D56;
					};
					46A76BDE2CECCC56005F1D56 = {
						CreatedOnToolsVersion = 16.0;
						TestTargetID = 46A76BBB2CECCC53005F1D56;
					};
				};
			};
			buildConfigurationList = 46A76BB72CECCC53005F1D56 /* Build configuration list for PBXProject "DataUtil" */;
			developmentRegion = en;
			hasScannedForEncodings = 0;
			knownRegions = (
				en,
				Base,
			);
			mainGroup = 46A76BB32CECCC53005F1D56;
			minimizedProjectReferenceProxies = 1;
			preferredProjectObjectVersion = 77;
			productRefGroup = 46A76BBD2CECCC53005F1D56 /* Products */;
			projectDirPath = "";
			projectRoot = "";
			targets = (
				46A76BBB2CECCC53005F1D56 /* DataUtil */,
				46A76BD42CECCC56005F1D56 /* DataUtilTests */,
				46A76BDE2CECCC56005F1D56 /* DataUtilUITests */,
			);
		};
/* End PBXProject section */

/* Begin PBXResourcesBuildPhase section */
		46A76BBA2CECCC53005F1D56 /* Resources */ = {
			isa = PBXResourcesBuildPhase;
			buildActionMask = 2147483647;
			files = (
			);
			runOnlyForDeploymentPostprocessing = 0;
		};
		46A76BD32CECCC56005F1D56 /* Resources */ = {
			isa = PBXResourcesBuildPhase;
			buildActionMask = 2147483647;
			files = (
			);
			runOnlyForDeploymentPostprocessing = 0;
		};
		46A76BDD2CECCC56005F1D56 /* Resources */ = {
			isa = PBXResourcesBuildPhase;
			buildActionMask = 2147483647;
			files = (
			);
			runOnlyForDeploymentPostprocessing = 0;
		};
/* End PBXResourcesBuildPhase section */

/* Begin PBXSourcesBuildPhase section */
		46A76BB82CECCC53005F1D56 /* Sources */ = {
			isa = PBXSourcesBuildPhase;
			buildActionMask = 2147483647;
			files = (
			);
			runOnlyForDeploymentPostprocessing = 0;
		};
		46A76BD12CECCC56005F1D56 /* Sources */ = {
			isa = PBXSourcesBuildPhase;
			buildActionMask = 2147483647;
			files = (
			);
			runOnlyForDeploymentPostprocessing = 0;
		};
		46A76BDB2CECCC56005F1D56 /* Sources */ = {
			isa = PBXSourcesBuildPhase;
			buildActionMask = 2147483647;
			files = (
			);
			runOnlyForDeploymentPostprocessing = 0;
		};
/* End PBXSourcesBuildPhase section */

/* Begin PBXTargetDependency section */
		46A76BD72CECCC56005F1D56 /* PBXTargetDependency */ = {
			isa = PBXTargetDependency;
			target = 46A76BBB2CECCC53005F1D56 /* DataUtil */;
			targetProxy = 46A76BD62CECCC56005F1D56 /* PBXContainerItemProxy */;
		};
		46A76BE12CECCC56005F1D56 /* PBXTargetDependency */ = {
			isa = PBXTargetDependency;
			target = 46A76BBB2CECCC53005F1D56 /* DataUtil */;
			targetProxy = 46A76BE02CECCC56005F1D56 /* PBXContainerItemProxy */;
		};
/* End PBXTargetDependency section */

/* Begin XCBuildConfiguration section */
		46A76BE92CECCC56005F1D56 /* Debug */ = {
			isa = XCBuildConfiguration;
			buildSettings = {
				ASSETCATALOG_COMPILER_APPICON_NAME = AppIcon;
				ASSETCATALOG_COMPILER_GLOBAL_ACCENT_COLOR_NAME = AccentColor;
				CODE_SIGN_STYLE = Automatic;
				CURRENT_PROJECT_VERSION = 1;
				GENERATE_INFOPLIST_FILE = YES;
				INFOPLIST_FILE = DataUtil/Info.plist;
				INFOPLIST_KEY_UIApplicationSupportsIndirectInputEvents = YES;
				INFOPLIST_KEY_UILaunchStoryboardName = LaunchScreen;
				INFOPLIST_KEY_UIMainStoryboardFile = Main;
				INFOPLIST_KEY_UISupportedInterfaceOrientations_iPad = "UIInterfaceOrientationPortrait UIInterfaceOrientationPortraitUpsideDown UIInterfaceOrientationLandscapeLeft UIInterfaceOrientationLandscapeRight";
				INFOPLIST_KEY_UISupportedInterfaceOrientations_iPhone = "UIInterfaceOrientationPortrait UIInterfaceOrientationLandscapeLeft UIInterfaceOrientationLandscapeRight";
				LD_RUNPATH_SEARCH_PATHS = (
					"$(inherited)",
					"@executable_path/Frameworks",
				);
				MARKETING_VERSION = 1.0;
				PRODUCT_BUNDLE_IDENTIFIER = baegteun.DataUtil;
				PRODUCT_NAME = "$(TARGET_NAME)";
				SWIFT_EMIT_LOC_STRINGS = YES;
				SWIFT_VERSION = 5.0;
				TARGETED_DEVICE_FAMILY = "1,2";
			};
			name = Debug;
		};
		46A76BEA2CECCC56005F1D56 /* Release */ = {
			isa = XCBuildConfiguration;
			buildSettings = {
				ASSETCATALOG_COMPILER_APPICON_NAME = AppIcon;
				ASSETCATALOG_COMPILER_GLOBAL_ACCENT_COLOR_NAME = AccentColor;
				CODE_SIGN_STYLE = Automatic;
				CURRENT_PROJECT_VERSION = 1;
				GENERATE_INFOPLIST_FILE = YES;
				INFOPLIST_FILE = DataUtil/Info.plist;
				INFOPLIST_KEY_UIApplicationSupportsIndirectInputEvents = YES;
				INFOPLIST_KEY_UILaunchStoryboardName = LaunchScreen;
				INFOPLIST_KEY_UIMainStoryboardFile = Main;
				INFOPLIST_KEY_UISupportedInterfaceOrientations_iPad = "UIInterfaceOrientationPortrait UIInterfaceOrientationPortraitUpsideDown UIInterfaceOrientationLandscapeLeft UIInterfaceOrientationLandscapeRight";
				INFOPLIST_KEY_UISupportedInterfaceOrientations_iPhone = "UIInterfaceOrientationPortrait UIInterfaceOrientationLandscapeLeft UIInterfaceOrientationLandscapeRight";
				LD_RUNPATH_SEARCH_PATHS = (
					"$(inherited)",
					"@executable_path/Frameworks",
				);
				MARKETING_VERSION = 1.0;
				PRODUCT_BUNDLE_IDENTIFIER = baegteun.DataUtil;
				PRODUCT_NAME = "$(TARGET_NAME)";
				SWIFT_EMIT_LOC_STRINGS = YES;
				SWIFT_VERSION = 5.0;
				TARGETED_DEVICE_FAMILY = "1,2";
			};
			name = Release;
		};
		46A76BEB2CECCC56005F1D56 /* Debug */ = {
			isa = XCBuildConfiguration;
			buildSettings = {
				ALWAYS_SEARCH_USER_PATHS = NO;
				ASSETCATALOG_COMPILER_GENERATE_SWIFT_ASSET_SYMBOL_EXTENSIONS = YES;
				CLANG_ANALYZER_NONNULL = YES;
				CLANG_ANALYZER_NUMBER_OBJECT_CONVERSION = YES_AGGRESSIVE;
				CLANG_CXX_LANGUAGE_STANDARD = "gnu++20";
				CLANG_ENABLE_MODULES = YES;
				CLANG_ENABLE_OBJC_ARC = YES;
				CLANG_ENABLE_OBJC_WEAK = YES;
				CLANG_WARN_BLOCK_CAPTURE_AUTORELEASING = YES;
				CLANG_WARN_BOOL_CONVERSION = YES;
				CLANG_WARN_COMMA = YES;
				CLANG_WARN_CONSTANT_CONVERSION = YES;
				CLANG_WARN_DEPRECATED_OBJC_IMPLEMENTATIONS = YES;
				CLANG_WARN_DIRECT_OBJC_ISA_USAGE = YES_ERROR;
				CLANG_WARN_DOCUMENTATION_COMMENTS = YES;
				CLANG_WARN_EMPTY_BODY = YES;
				CLANG_WARN_ENUM_CONVERSION = YES;
				CLANG_WARN_INFINITE_RECURSION = YES;
				CLANG_WARN_INT_CONVERSION = YES;
				CLANG_WARN_NON_LITERAL_NULL_CONVERSION = YES;
				CLANG_WARN_OBJC_IMPLICIT_RETAIN_SELF = YES;
				CLANG_WARN_OBJC_LITERAL_CONVERSION = YES;
				CLANG_WARN_OBJC_ROOT_CLASS = YES_ERROR;
				CLANG_WARN_QUOTED_INCLUDE_IN_FRAMEWORK_HEADER = YES;
				CLANG_WARN_RANGE_LOOP_ANALYSIS = YES;
				CLANG_WARN_STRICT_PROTOTYPES = YES;
				CLANG_WARN_SUSPICIOUS_MOVE = YES;
				CLANG_WARN_UNGUARDED_AVAILABILITY = YES_AGGRESSIVE;
				CLANG_WARN_UNREACHABLE_CODE = YES;
				CLANG_WARN__DUPLICATE_METHOD_MATCH = YES;
				COPY_PHASE_STRIP = NO;
				DEBUG_INFORMATION_FORMAT = dwarf;
				ENABLE_STRICT_OBJC_MSGSEND = YES;
				ENABLE_TESTABILITY = YES;
				ENABLE_USER_SCRIPT_SANDBOXING = YES;
				GCC_C_LANGUAGE_STANDARD = gnu17;
				GCC_DYNAMIC_NO_PIC = NO;
				GCC_NO_COMMON_BLOCKS = YES;
				GCC_OPTIMIZATION_LEVEL = 0;
				GCC_PREPROCESSOR_DEFINITIONS = (
					"DEBUG=1",
					"$(inherited)",
				);
				GCC_WARN_64_TO_32_BIT_CONVERSION = YES;
				GCC_WARN_ABOUT_RETURN_TYPE = YES_ERROR;
				GCC_WARN_UNDECLARED_SELECTOR = YES;
				GCC_WARN_UNINITIALIZED_AUTOS = YES_AGGRESSIVE;
				GCC_WARN_UNUSED_FUNCTION = YES;
				GCC_WARN_UNUSED_VARIABLE = YES;
				IPHONEOS_DEPLOYMENT_TARGET = 18.0;
				LOCALIZATION_PREFERS_STRING_CATALOGS = YES;
				MTL_ENABLE_DEBUG_INFO = INCLUDE_SOURCE;
				MTL_FAST_MATH = YES;
				ONLY_ACTIVE_ARCH = YES;
				SDKROOT = iphoneos;
				SWIFT_ACTIVE_COMPILATION_CONDITIONS = "DEBUG $(inherited)";
				SWIFT_OPTIMIZATION_LEVEL = "-Onone";
			};
			name = Debug;
		};
		46A76BEC2CECCC56005F1D56 /* Release */ = {
			isa = XCBuildConfiguration;
			buildSettings = {
				ALWAYS_SEARCH_USER_PATHS = NO;
				ASSETCATALOG_COMPILER_GENERATE_SWIFT_ASSET_SYMBOL_EXTENSIONS = YES;
				CLANG_ANALYZER_NONNULL = YES;
				CLANG_ANALYZER_NUMBER_OBJECT_CONVERSION = YES_AGGRESSIVE;
				CLANG_CXX_LANGUAGE_STANDARD = "gnu++20";
				CLANG_ENABLE_MODULES = YES;
				CLANG_ENABLE_OBJC_ARC = YES;
				CLANG_ENABLE_OBJC_WEAK = YES;
				CLANG_WARN_BLOCK_CAPTURE_AUTORELEASING = YES;
				CLANG_WARN_BOOL_CONVERSION = YES;
				CLANG_WARN_COMMA = YES;
				CLANG_WARN_CONSTANT_CONVERSION = YES;
				CLANG_WARN_DEPRECATED_OBJC_IMPLEMENTATIONS = YES;
				CLANG_WARN_DIRECT_OBJC_ISA_USAGE = YES_ERROR;
				CLANG_WARN_DOCUMENTATION_COMMENTS = YES;
				CLANG_WARN_EMPTY_BODY = YES;
				CLANG_WARN_ENUM_CONVERSION = YES;
				CLANG_WARN_INFINITE_RECURSION = YES;
				CLANG_WARN_INT_CONVERSION = YES;
				CLANG_WARN_NON_LITERAL_NULL_CONVERSION = YES;
				CLANG_WARN_OBJC_IMPLICIT_RETAIN_SELF = YES;
				CLANG_WARN_OBJC_LITERAL_CONVERSION = YES;
				CLANG_WARN_OBJC_ROOT_CLASS = YES_ERROR;
				CLANG_WARN_QUOTED_INCLUDE_IN_FRAMEWORK_HEADER = YES;
				CLANG_WARN_RANGE_LOOP_ANALYSIS = YES;
				CLANG_WARN_STRICT_PROTOTYPES = YES;
				CLANG_WARN_SUSPICIOUS_MOVE = YES;
				CLANG_WARN_UNGUARDED_AVAILABILITY = YES_AGGRESSIVE;
				CLANG_WARN_UNREACHABLE_CODE = YES;
				CLANG_WARN__DUPLICATE_METHOD_MATCH = YES;
				COPY_PHASE_STRIP = NO;
				DEBUG_INFORMATION_FORMAT = "dwarf-with-dsym";
				ENABLE_NS_ASSERTIONS = NO;
				ENABLE_STRICT_OBJC_MSGSEND = YES;
				ENABLE_USER_SCRIPT_SANDBOXING = YES;
				GCC_C_LANGUAGE_STANDARD = gnu17;
				GCC_NO_COMMON_BLOCKS = YES;
				GCC_WARN_64_TO_32_BIT_CONVERSION = YES;
				GCC_WARN_ABOUT_RETURN_TYPE = YES_ERROR;
				GCC_WARN_UNDECLARED_SELECTOR = YES;
				GCC_WARN_UNINITIALIZED_AUTOS = YES_AGGRESSIVE;
				GCC_WARN_UNUSED_FUNCTION = YES;
				GCC_WARN_UNUSED_VARIABLE = YES;
				IPHONEOS_DEPLOYMENT_TARGET = 18.0;
				LOCALIZATION_PREFERS_STRING_CATALOGS = YES;
				MTL_ENABLE_DEBUG_INFO = NO;
				MTL_FAST_MATH = YES;
				SDKROOT = iphoneos;
				SWIFT_COMPILATION_MODE = wholemodule;
				VALIDATE_PRODUCT = YES;
			};
			name = Release;
		};
		46A76BEE2CECCC56005F1D56 /* Debug */ = {
			isa = XCBuildConfiguration;
			buildSettings = {
				BUNDLE_LOADER = "$(TEST_HOST)";
				CODE_SIGN_STYLE = Automatic;
				CURRENT_PROJECT_VERSION = 1;
				GENERATE_INFOPLIST_FILE = YES;
				IPHONEOS_DEPLOYMENT_TARGET = 18.0;
				MARKETING_VERSION = 1.0;
				PRODUCT_BUNDLE_IDENTIFIER = baegteun.DataUtilTests;
				PRODUCT_NAME = "$(TARGET_NAME)";
				SWIFT_EMIT_LOC_STRINGS = NO;
				SWIFT_VERSION = 5.0;
				TARGETED_DEVICE_FAMILY = "1,2";
				TEST_HOST = "$(BUILT_PRODUCTS_DIR)/DataUtil.app/$(BUNDLE_EXECUTABLE_FOLDER_PATH)/DataUtil";
			};
			name = Debug;
		};
		46A76BEF2CECCC56005F1D56 /* Release */ = {
			isa = XCBuildConfiguration;
			buildSettings = {
				BUNDLE_LOADER = "$(TEST_HOST)";
				CODE_SIGN_STYLE = Automatic;
				CURRENT_PROJECT_VERSION = 1;
				GENERATE_INFOPLIST_FILE = YES;
				IPHONEOS_DEPLOYMENT_TARGET = 18.0;
				MARKETING_VERSION = 1.0;
				PRODUCT_BUNDLE_IDENTIFIER = baegteun.DataUtilTests;
				PRODUCT_NAME = "$(TARGET_NAME)";
				SWIFT_EMIT_LOC_STRINGS = NO;
				SWIFT_VERSION = 5.0;
				TARGETED_DEVICE_FAMILY = "1,2";
				TEST_HOST = "$(BUILT_PRODUCTS_DIR)/DataUtil.app/$(BUNDLE_EXECUTABLE_FOLDER_PATH)/DataUtil";
			};
			name = Release;
		};
		46A76BF12CECCC56005F1D56 /* Debug */ = {
			isa = XCBuildConfiguration;
			buildSettings = {
				CODE_SIGN_STYLE = Automatic;
				CURRENT_PROJECT_VERSION = 1;
				GENERATE_INFOPLIST_FILE = YES;
				MARKETING_VERSION = 1.0;
				PRODUCT_BUNDLE_IDENTIFIER = baegteun.DataUtilUITests;
				PRODUCT_NAME = "$(TARGET_NAME)";
				SWIFT_EMIT_LOC_STRINGS = NO;
				SWIFT_VERSION = 5.0;
				TARGETED_DEVICE_FAMILY = "1,2";
				TEST_TARGET_NAME = DataUtil;
			};
			name = Debug;
		};
		46A76BF22CECCC56005F1D56 /* Release */ = {
			isa = XCBuildConfiguration;
			buildSettings = {
				CODE_SIGN_STYLE = Automatic;
				CURRENT_PROJECT_VERSION = 1;
				GENERATE_INFOPLIST_FILE = YES;
				MARKETING_VERSION = 1.0;
				PRODUCT_BUNDLE_IDENTIFIER = baegteun.DataUtilUITests;
				PRODUCT_NAME = "$(TARGET_NAME)";
				SWIFT_EMIT_LOC_STRINGS = NO;
				SWIFT_VERSION = 5.0;
				TARGETED_DEVICE_FAMILY = "1,2";
				TEST_TARGET_NAME = DataUtil;
			};
			name = Release;
		};
/* End XCBuildConfiguration section */

/* Begin XCConfigurationList section */
		46A76BB72CECCC53005F1D56 /* Build configuration list for PBXProject "DataUtil" */ = {
			isa = XCConfigurationList;
			buildConfigurations = (
				46A76BEB2CECCC56005F1D56 /* Debug */,
				46A76BEC2CECCC56005F1D56 /* Release */,
			);
			defaultConfigurationIsVisible = 0;
			defaultConfigurationName = Release;
		};
		46A76BE82CECCC56005F1D56 /* Build configuration list for PBXNativeTarget "DataUtil" */ = {
			isa = XCConfigurationList;
			buildConfigurations = (
				46A76BE92CECCC56005F1D56 /* Debug */,
				46A76BEA2CECCC56005F1D56 /* Release */,
			);
			defaultConfigurationIsVisible = 0;
			defaultConfigurationName = Release;
		};
		46A76BED2CECCC56005F1D56 /* Build configuration list for PBXNativeTarget "DataUtilTests" */ = {
			isa = XCConfigurationList;
			buildConfigurations = (
				46A76BEE2CECCC56005F1D56 /* Debug */,
				46A76BEF2CECCC56005F1D56 /* Release */,
			);
			defaultConfigurationIsVisible = 0;
			defaultConfigurationName = Release;
		};
		46A76BF02CECCC56005F1D56 /* Build configuration list for PBXNativeTarget "DataUtilUITests" */ = {
			isa = XCConfigurationList;
			buildConfigurations = (
				46A76BF12CECCC56005F1D56 /* Debug */,
				46A76BF22CECCC56005F1D56 /* Release */,
			);
			defaultConfigurationIsVisible = 0;
			defaultConfigurationName = Release;
		};
/* End XCConfigurationList section */
	};
	rootObject = 46A76BB42CECCC53005F1D56 /* Project object */;
}
